
Microsoft Visual Studio Solution File, Format Version 12.00
# Visual Studio Version 17
VisualStudioVersion = 17.1.32319.34
MinimumVisualStudioVersion = 10.0.40219.1
Project("{FAE04EC0-301F-11D3-BF4B-00C04F79EFBC}") = "CoreWebProject", "CoreWebProject\CoreWebProject.csproj", "{3B79FD1D-106C-49D8-B806-B152B16818FB}"
EndProject
Global
	GlobalSection(SolutionConfigurationPlatforms) = preSolution
		Debug|Any CPU = Debug|Any CPU
		Release|Any CPU = Release|Any CPU
	EndGlobalSection
	GlobalSection(ProjectConfigurationPlatforms) = postSolution
		{3B79FD1D-106C-49D8-B806-B152B16818FB}.Debug|Any CPU.ActiveCfg = Debug|Any CPU
		{3B79FD1D-106C-49D8-B806-B152B16818FB}.Debug|Any CPU.Build.0 = Debug|Any CPU
		{3B79FD1D-106C-49D8-B806-B152B16818FB}.Release|Any CPU.ActiveCfg = Release|Any CPU
		{3B79FD1D-106C-49D8-B806-B152B16818FB}.Release|Any CPU.Build.0 = Release|Any CPU
	EndGlobalSection
	GlobalSection(SolutionProperties) = preSolution
		HideSolutionNode = FALSE
	EndGlobalSection
	GlobalSection(ExtensibilityGlobals) = postSolution
		SolutionGuid = {CA28FAC5-9359-4306-9E68-23B223407C68}
	EndGlobalSection
EndGlobal
